
Microsoft Visual Studio Solution File, Format Version 12.00
# Visual Studio Version 17
VisualStudioVersion = 17.11.35222.181
MinimumVisualStudioVersion = 10.0.40219.1
Project("{2150E333-8FDC-42A3-9474-1A3956D46DE8}") = "src", "src", "{6F2C4BDB-70FA-4139-A658-BA62429B5547}"
EndProject
Project("{9A19103F-16F7-4668-BE54-9A1E7A4F7556}") = "OpenHRCore.Application", "src\OpenHRCore.Application\OpenHRCore.Application.csproj", "{2164D200-820C-4F31-91A1-33FF5F5FAA56}"
EndProject
Project("{9A19103F-16F7-4668-BE54-9A1E7A4F7556}") = "OpenHRCore.Domain", "src\OpenHRCore.Domain\OpenHRCore.Domain.csproj", "{E39E53BA-E4FC-45B0-B8A3-7B07E41815B6}"
EndProject
Project("{9A19103F-16F7-4668-BE54-9A1E7A4F7556}") = "OpenHRCore.Infrastructure", "src\OpenHRCore.Infrastructure\OpenHRCore.Infrastructure.csproj", "{F9BB97E9-41E6-4060-A55C-AE81FAF61C73}"
EndProject
Project("{9A19103F-16F7-4668-BE54-9A1E7A4F7556}") = "OpenHRCore.API", "src\OpenHRCore.API\OpenHRCore.API.csproj", "{4F73DD0C-DDB9-4507-B57B-EB6E83EE29A3}"
EndProject
Project("{9A19103F-16F7-4668-BE54-9A1E7A4F7556}") = "OpenHRCore.Shared", "src\OpenHRCore.Shared\OpenHRCore.Shared.csproj", "{6947A477-7E2B-4FC6-8B47-F9AC7F74D069}"
EndProject
Global
	GlobalSection(SolutionConfigurationPlatforms) = preSolution
		Debug|Any CPU = Debug|Any CPU
		Release|Any CPU = Release|Any CPU
	EndGlobalSection
	GlobalSection(ProjectConfigurationPlatforms) = postSolution
		{2164D200-820C-4F31-91A1-33FF5F5FAA56}.Debug|Any CPU.ActiveCfg = Debug|Any CPU
		{2164D200-820C-4F31-91A1-33FF5F5FAA56}.Debug|Any CPU.Build.0 = Debug|Any CPU
		{2164D200-820C-4F31-91A1-33FF5F5FAA56}.Release|Any CPU.ActiveCfg = Release|Any CPU
		{2164D200-820C-4F31-91A1-33FF5F5FAA56}.Release|Any CPU.Build.0 = Release|Any CPU
		{E39E53BA-E4FC-45B0-B8A3-7B07E41815B6}.Debug|Any CPU.ActiveCfg = Debug|Any CPU
		{E39E53BA-E4FC-45B0-B8A3-7B07E41815B6}.Debug|Any CPU.Build.0 = Debug|Any CPU
		{E39E53BA-E4FC-45B0-B8A3-7B07E41815B6}.Release|Any CPU.ActiveCfg = Release|Any CPU
		{E39E53BA-E4FC-45B0-B8A3-7B07E41815B6}.Release|Any CPU.Build.0 = Release|Any CPU
		{F9BB97E9-41E6-4060-A55C-AE81FAF61C73}.Debug|Any CPU.ActiveCfg = Debug|Any CPU
		{F9BB97E9-41E6-4060-A55C-AE81FAF61C73}.Debug|Any CPU.Build.0 = Debug|Any CPU
		{F9BB97E9-41E6-4060-A55C-AE81FAF61C73}.Release|Any CPU.ActiveCfg = Release|Any CPU
		{F9BB97E9-41E6-4060-A55C-AE81FAF61C73}.Release|Any CPU.Build.0 = Release|Any CPU
		{4F73DD0C-DDB9-4507-B57B-EB6E83EE29A3}.Debug|Any CPU.ActiveCfg = Debug|Any CPU
		{4F73DD0C-DDB9-4507-B57B-EB6E83EE29A3}.Debug|Any CPU.Build.0 = Debug|Any CPU
		{4F73DD0C-DDB9-4507-B57B-EB6E83EE29A3}.Release|Any CPU.ActiveCfg = Release|Any CPU
		{4F73DD0C-DDB9-4507-B57B-EB6E83EE29A3}.Release|Any CPU.Build.0 = Release|Any CPU
		{6947A477-7E2B-4FC6-8B47-F9AC7F74D069}.Debug|Any CPU.ActiveCfg = Debug|Any CPU
		{6947A477-7E2B-4FC6-8B47-F9AC7F74D069}.Debug|Any CPU.Build.0 = Debug|Any CPU
		{6947A477-7E2B-4FC6-8B47-F9AC7F74D069}.Release|Any CPU.ActiveCfg = Release|Any CPU
		{6947A477-7E2B-4FC6-8B47-F9AC7F74D069}.Release|Any CPU.Build.0 = Release|Any CPU
	EndGlobalSection
	GlobalSection(SolutionProperties) = preSolution
		HideSolutionNode = FALSE
	EndGlobalSection
	GlobalSection(NestedProjects) = preSolution
		{2164D200-820C-4F31-91A1-33FF5F5FAA56} = {6F2C4BDB-70FA-4139-A658-BA62429B5547}
		{E39E53BA-E4FC-45B0-B8A3-7B07E41815B6} = {6F2C4BDB-70FA-4139-A658-BA62429B5547}
		{F9BB97E9-41E6-4060-A55C-AE81FAF61C73} = {6F2C4BDB-70FA-4139-A658-BA62429B5547}
		{4F73DD0C-DDB9-4507-B57B-EB6E83EE29A3} = {6F2C4BDB-70FA-4139-A658-BA62429B5547}
		{6947A477-7E2B-4FC6-8B47-F9AC7F74D069} = {6F2C4BDB-70FA-4139-A658-BA62429B5547}
	EndGlobalSection
	GlobalSection(ExtensibilityGlobals) = postSolution
		SolutionGuid = {4DA6C3F4-D8F3-41EF-9FE2-C59B37B56616}
	EndGlobalSection
EndGlobal
