
Microsoft Visual Studio Solution File, Format Version 12.00
# Visual Studio Version 17
VisualStudioVersion = 17.11.35222.181
MinimumVisualStudioVersion = 10.0.40219.1
Project("{2150E333-8FDC-42A3-9474-1A3956D46DE8}") = "CareerConnect", "CareerConnect", "{174C71AA-BF3C-4FE1-BC55-0A25CC39E750}"
EndProject
Project("{2150E333-8FDC-42A3-9474-1A3956D46DE8}") = "FlexiLeave", "FlexiLeave", "{9334D963-2DD3-44E5-B24D-2C223E315DFA}"
EndProject
Project("{2150E333-8FDC-42A3-9474-1A3956D46DE8}") = "PayStream", "PayStream", "{E5442BA1-AD6C-484B-9B2B-08C6FA0C4668}"
EndProject
Project("{2150E333-8FDC-42A3-9474-1A3956D46DE8}") = "TimeTrack", "TimeTrack", "{677A8893-0291-46F4-8E03-00FF3EFCF939}"
EndProject
Project("{2150E333-8FDC-42A3-9474-1A3956D46DE8}") = "WorkForce", "WorkForce", "{BF6237CD-B514-4895-9119-DB7220E8B3E3}"
EndProject
Project("{2150E333-8FDC-42A3-9474-1A3956D46DE8}") = "EasyESS", "EasyESS", "{6483FF15-7739-4E3D-A36E-C8435F58DABC}"
EndProject
Project("{9A19103F-16F7-4668-BE54-9A1E7A4F7556}") = "OpenHRCore.CareerConnect.Domain", "src\CareerConnect\OpenHRCore.CareerConnect.Domain\OpenHRCore.CareerConnect.Domain.csproj", "{56387EC0-A0E8-4F0F-8709-FA7CA9D1AE68}"
EndProject
Project("{9A19103F-16F7-4668-BE54-9A1E7A4F7556}") = "OpenHRCore.CareerConnect.Application", "src\CareerConnect\OpenHRCore.CareerConnect.Application\OpenHRCore.CareerConnect.Application.csproj", "{7D9297F6-74D8-486D-92B8-58B9A7989D32}"
EndProject
Project("{9A19103F-16F7-4668-BE54-9A1E7A4F7556}") = "OpenHRCore.CareerConnect.Infrastructure", "src\CareerConnect\OpenHRCore.CareerConnect.Infrastructure\OpenHRCore.CareerConnect.Infrastructure.csproj", "{FD2A634A-4078-4C6A-AE6A-B373465C6D9F}"
EndProject
Project("{9A19103F-16F7-4668-BE54-9A1E7A4F7556}") = "OpenHRCore.CareerConnect.WebAPI", "src\CareerConnect\OpenHRCore.CareerConnect.WebAPI\OpenHRCore.CareerConnect.WebAPI.csproj", "{188E0B32-1E0D-4A19-9CAA-193FDD5767FB}"
EndProject
Project("{9A19103F-16F7-4668-BE54-9A1E7A4F7556}") = "OpenHRCore.FlexiLeave.Domain", "src\FlexiLeave\OpenHRCore.FlexiLeave.Domain\OpenHRCore.FlexiLeave.Domain.csproj", "{0B49E95C-D5C9-47C2-BD84-5E96CA482E2F}"
EndProject
Project("{9A19103F-16F7-4668-BE54-9A1E7A4F7556}") = "OpenHRCore.FlexiLeave.Application", "src\FlexiLeave\OpenHRCore.FlexiLeave.Application\OpenHRCore.FlexiLeave.Application.csproj", "{CB3ED0AE-A0E3-4844-9BBD-BEE4014E7A9E}"
EndProject
Project("{9A19103F-16F7-4668-BE54-9A1E7A4F7556}") = "OpenHRCore.FlexiLeave.Infrastructure", "src\FlexiLeave\OpenHRCore.FlexiLeave.Infrastructure\OpenHRCore.FlexiLeave.Infrastructure.csproj", "{4A57464F-DB07-4F72-A080-7F9B418E6620}"
EndProject
Project("{9A19103F-16F7-4668-BE54-9A1E7A4F7556}") = "OpenHRCore.WorkForce.Domain", "src\WorkForce\OpenHRCore.WorkForce.Domain\OpenHRCore.WorkForce.Domain.csproj", "{473A5697-8A5E-4522-B392-81753AF3BD9C}"
EndProject
Project("{9A19103F-16F7-4668-BE54-9A1E7A4F7556}") = "OpenHRCore.WorkForce.Application", "src\WorkForce\OpenHRCore.WorkForce.Application\OpenHRCore.WorkForce.Application.csproj", "{7AC17AEF-728D-4FDD-98FB-6FAC279CF24F}"
EndProject
Project("{9A19103F-16F7-4668-BE54-9A1E7A4F7556}") = "OpenHRCore.WorkForce.Infrastructure", "src\WorkForce\OpenHRCore.WorkForce.Infrastructure\OpenHRCore.WorkForce.Infrastructure.csproj", "{2133F3A9-B7C9-4A02-AFDC-CD4ED3E1B9F3}"
EndProject
Project("{9A19103F-16F7-4668-BE54-9A1E7A4F7556}") = "OpenHRCore.WorkForce.WebAPI", "src\WorkForce\OpenHRCore.WorkForce.WebAPI\OpenHRCore.WorkForce.WebAPI.csproj", "{F4AA59BD-7CC4-43E0-83C5-E534F2A52192}"
EndProject
Project("{9A19103F-16F7-4668-BE54-9A1E7A4F7556}") = "OpenHRCore.TimeTrack.Domain", "src\TimeTrack\OpenHRCore.TimeTrack.Domain\OpenHRCore.TimeTrack.Domain.csproj", "{2651518F-31CC-45B3-B2E0-BF4A0456C654}"
EndProject
Project("{9A19103F-16F7-4668-BE54-9A1E7A4F7556}") = "OpenHRCore.TimeTrack.Application", "src\TimeTrack\OpenHRCore.TimeTrack.Application\OpenHRCore.TimeTrack.Application.csproj", "{3AD57D00-BA31-4181-B5C3-799C2CFE10C3}"
EndProject
Project("{9A19103F-16F7-4668-BE54-9A1E7A4F7556}") = "OpenHRCore.TimeTrack.Infrastructure", "src\TimeTrack\OpenHRCore.TimeTrack.Infrastructure\OpenHRCore.TimeTrack.Infrastructure.csproj", "{E15EDEFD-73D5-492D-9EF9-E572E344A2AA}"
EndProject
Project("{9A19103F-16F7-4668-BE54-9A1E7A4F7556}") = "OpenHRCore.TimeTrack.WebAPI", "src\TimeTrack\OpenHRCore.TimeTrack.WebAPI\OpenHRCore.TimeTrack.WebAPI.csproj", "{EA21806D-E860-4208-8216-C63845AC3A6E}"
EndProject
Project("{9A19103F-16F7-4668-BE54-9A1E7A4F7556}") = "OpenHRCore.PayStream.Domain", "src\PayStream\OpenHRCore.PayStream.Domain\OpenHRCore.PayStream.Domain.csproj", "{ADE4D3E6-EF67-4BDE-BBFB-9364645387CC}"
EndProject
Project("{9A19103F-16F7-4668-BE54-9A1E7A4F7556}") = "OpenHRCore.PayStream.Application", "src\PayStream\OpenHRCore.PayStream.Application\OpenHRCore.PayStream.Application.csproj", "{ED8A9E69-BE68-4EED-9381-63501864D626}"
EndProject
Project("{9A19103F-16F7-4668-BE54-9A1E7A4F7556}") = "OpenHRCore.PayStream.Infrastructure", "src\PayStream\OpenHRCore.PayStream.Infrastructure\OpenHRCore.PayStream.Infrastructure.csproj", "{33109A0A-6661-4A76-A099-2762211E0181}"
EndProject
Project("{9A19103F-16F7-4668-BE54-9A1E7A4F7556}") = "OpenHRCore.PayStream.WebAPI", "src\PayStream\OpenHRCore.PayStream.WebAPI\OpenHRCore.PayStream.WebAPI.csproj", "{914D04C9-5FDA-4395-8DD3-BE1A5A7277AB}"
EndProject
Project("{9A19103F-16F7-4668-BE54-9A1E7A4F7556}") = "OpenHRCore.EasyESS.Domain", "src\EasyESS\OpenHRCore.EasyESS.Domain\OpenHRCore.EasyESS.Domain.csproj", "{D89A0DD3-0489-4D35-B49D-4BBD9A0A0B42}"
EndProject
Project("{9A19103F-16F7-4668-BE54-9A1E7A4F7556}") = "OpenHRCore.EasyESS.Application", "src\EasyESS\OpenHRCore.EasyESS.Application\OpenHRCore.EasyESS.Application.csproj", "{B472C3E3-1B3A-44D6-823D-021DF8B5AE37}"
EndProject
Project("{9A19103F-16F7-4668-BE54-9A1E7A4F7556}") = "OpenHRCore.EasyESS.Infrastructure", "src\EasyESS\OpenHRCore.EasyESS.Infrastructure\OpenHRCore.EasyESS.Infrastructure.csproj", "{10F69950-FB58-4865-B69F-DFC9415F4D01}"
EndProject
Project("{9A19103F-16F7-4668-BE54-9A1E7A4F7556}") = "OpenHRCore.EasyESS.WebAPI", "src\EasyESS\OpenHRCore.EasyESS.WebAPI\OpenHRCore.EasyESS.WebAPI.csproj", "{492C9B55-4F8F-44D4-BCC6-4DE6170E4B36}"
EndProject
Project("{9A19103F-16F7-4668-BE54-9A1E7A4F7556}") = "OpenHRCore.FlexiLeave.WebAPI", "src\FlexiLeave\OpenHRCore.FlexiLeave.WebAPI\OpenHRCore.FlexiLeave.WebAPI.csproj", "{B0EAB710-367F-4ADE-A2AA-BCA5703D6294}"
EndProject
Project("{2150E333-8FDC-42A3-9474-1A3956D46DE8}") = "ControlCenter", "ControlCenter", "{656626F0-F9F2-49C7-A7C5-45A83AC6D3E3}"
EndProject
Project("{2150E333-8FDC-42A3-9474-1A3956D46DE8}") = "SetupCentral", "SetupCentral", "{6E2BB8E4-B2F3-4EDE-9F7E-38098CC446CD}"
EndProject
Project("{9A19103F-16F7-4668-BE54-9A1E7A4F7556}") = "OpenHRCore.ControlCenter.Domain", "src\ControlCenter\OpenHRCore.ControlCenter.Domain\OpenHRCore.ControlCenter.Domain.csproj", "{1F0497B6-E335-483F-B92C-4DFDC888381F}"
EndProject
Project("{9A19103F-16F7-4668-BE54-9A1E7A4F7556}") = "OpenHRCore.ControlCenter.Application", "src\ControlCenter\OpenHRCore.ControlCenter.Application\OpenHRCore.ControlCenter.Application.csproj", "{D73800FD-2511-498F-BAF3-16F33F85B983}"
EndProject
Project("{9A19103F-16F7-4668-BE54-9A1E7A4F7556}") = "OpenHRCore.ControlCenter.Infrastructure", "src\ControlCenter\OpenHRCore.ControlCenter.Infrastructure\OpenHRCore.ControlCenter.Infrastructure.csproj", "{71CA26A0-1623-44C8-BDE6-0BC4FE454F41}"
EndProject
Project("{9A19103F-16F7-4668-BE54-9A1E7A4F7556}") = "OpenHRCore.ControlCenter.WebAPI", "src\ControlCenter\OpenHRCore.ControlCenter.WebAPI\OpenHRCore.ControlCenter.WebAPI.csproj", "{02DC8248-207A-483E-BF80-4FCC716B406D}"
EndProject
Project("{9A19103F-16F7-4668-BE54-9A1E7A4F7556}") = "OpenHRCore.SetupCentral.Domain", "src\SetupCentral\OpenHRCore.SetupCentral.Domain\OpenHRCore.SetupCentral.Domain.csproj", "{75508E99-7971-40A4-96BF-85278903B14A}"
EndProject
Project("{9A19103F-16F7-4668-BE54-9A1E7A4F7556}") = "OpenHRCore.SetupCentral.Application", "src\SetupCentral\OpenHRCore.SetupCentral.Application\OpenHRCore.SetupCentral.Application.csproj", "{EFD99F43-3CFF-48F1-88FD-FD5F5EA8E7A5}"
EndProject
Project("{9A19103F-16F7-4668-BE54-9A1E7A4F7556}") = "OpenHRCore.SetupCentral.Infrastructure", "src\SetupCentral\OpenHRCore.SetupCentral.Infrastructure\OpenHRCore.SetupCentral.Infrastructure.csproj", "{A3E05811-95C2-4432-8E9A-E976D37A3DAF}"
EndProject
Project("{9A19103F-16F7-4668-BE54-9A1E7A4F7556}") = "OpenHRCore.SetupCentral.WebAPI", "src\SetupCentral\OpenHRCore.SetupCentral.WebAPI\OpenHRCore.SetupCentral.WebAPI.csproj", "{4E8063F7-651B-4BF5-82C1-BF714951E34A}"
EndProject
Project("{2150E333-8FDC-42A3-9474-1A3956D46DE8}") = "SharedKernel", "SharedKernel", "{2772AF87-183B-407A-B203-E7C8A888EE14}"
EndProject
Project("{9A19103F-16F7-4668-BE54-9A1E7A4F7556}") = "OpenHRCore.SharedKernel.Domain", "src\SharedKernel\OpenHRCore.SharedKernel.Domain\OpenHRCore.SharedKernel.Domain.csproj", "{D2B4FF00-AD47-4F94-89E6-D1BF75465AE4}"
EndProject
Project("{9A19103F-16F7-4668-BE54-9A1E7A4F7556}") = "OpenHRCore.SharedKernel.Application", "src\SharedKernel\OpenHRCore.SharedKernel.Application\OpenHRCore.SharedKernel.Application.csproj", "{3B88DBA3-F498-4FCB-B4E9-7D98ABFA5304}"
EndProject
Project("{9A19103F-16F7-4668-BE54-9A1E7A4F7556}") = "OpenHRCore.SharedKernel.Infrastructure", "src\SharedKernel\OpenHRCore.SharedKernel.Infrastructure\OpenHRCore.SharedKernel.Infrastructure.csproj", "{97B4AA0A-4511-4A00-8CF2-6508AFA8F962}"
EndProject
Project("{2150E333-8FDC-42A3-9474-1A3956D46DE8}") = "Web", "Web", "{42109D34-132C-43F2-9FB1-FD35F15A9DD3}"
EndProject
Project("{9A19103F-16F7-4668-BE54-9A1E7A4F7556}") = "OpenHRCore.UI.Blazor", "src\Web\OpenHRCore.UI.Blazor\OpenHRCore.UI.Blazor.csproj", "{94A2936B-C71B-4C63-8C5A-01719BC2AC07}"
EndProject
Project("{9A19103F-16F7-4668-BE54-9A1E7A4F7556}") = "OpenHRCore.UI.WebMudBlazor", "src\Web\OpenHRCore.UI.WebMudBlazor\OpenHRCore.UI.WebMudBlazor.csproj", "{0F170299-16FE-4465-A614-F79D663DC9B1}"
EndProject
Global
	GlobalSection(SolutionConfigurationPlatforms) = preSolution
		Debug|Any CPU = Debug|Any CPU
		Release|Any CPU = Release|Any CPU
	EndGlobalSection
	GlobalSection(ProjectConfigurationPlatforms) = postSolution
		{56387EC0-A0E8-4F0F-8709-FA7CA9D1AE68}.Debug|Any CPU.ActiveCfg = Debug|Any CPU
		{56387EC0-A0E8-4F0F-8709-FA7CA9D1AE68}.Debug|Any CPU.Build.0 = Debug|Any CPU
		{56387EC0-A0E8-4F0F-8709-FA7CA9D1AE68}.Release|Any CPU.ActiveCfg = Release|Any CPU
		{56387EC0-A0E8-4F0F-8709-FA7CA9D1AE68}.Release|Any CPU.Build.0 = Release|Any CPU
		{7D9297F6-74D8-486D-92B8-58B9A7989D32}.Debug|Any CPU.ActiveCfg = Debug|Any CPU
		{7D9297F6-74D8-486D-92B8-58B9A7989D32}.Debug|Any CPU.Build.0 = Debug|Any CPU
		{7D9297F6-74D8-486D-92B8-58B9A7989D32}.Release|Any CPU.ActiveCfg = Release|Any CPU
		{7D9297F6-74D8-486D-92B8-58B9A7989D32}.Release|Any CPU.Build.0 = Release|Any CPU
		{FD2A634A-4078-4C6A-AE6A-B373465C6D9F}.Debug|Any CPU.ActiveCfg = Debug|Any CPU
		{FD2A634A-4078-4C6A-AE6A-B373465C6D9F}.Debug|Any CPU.Build.0 = Debug|Any CPU
		{FD2A634A-4078-4C6A-AE6A-B373465C6D9F}.Release|Any CPU.ActiveCfg = Release|Any CPU
		{FD2A634A-4078-4C6A-AE6A-B373465C6D9F}.Release|Any CPU.Build.0 = Release|Any CPU
		{188E0B32-1E0D-4A19-9CAA-193FDD5767FB}.Debug|Any CPU.ActiveCfg = Debug|Any CPU
		{188E0B32-1E0D-4A19-9CAA-193FDD5767FB}.Debug|Any CPU.Build.0 = Debug|Any CPU
		{188E0B32-1E0D-4A19-9CAA-193FDD5767FB}.Release|Any CPU.ActiveCfg = Release|Any CPU
		{188E0B32-1E0D-4A19-9CAA-193FDD5767FB}.Release|Any CPU.Build.0 = Release|Any CPU
		{0B49E95C-D5C9-47C2-BD84-5E96CA482E2F}.Debug|Any CPU.ActiveCfg = Debug|Any CPU
		{0B49E95C-D5C9-47C2-BD84-5E96CA482E2F}.Debug|Any CPU.Build.0 = Debug|Any CPU
		{0B49E95C-D5C9-47C2-BD84-5E96CA482E2F}.Release|Any CPU.ActiveCfg = Release|Any CPU
		{0B49E95C-D5C9-47C2-BD84-5E96CA482E2F}.Release|Any CPU.Build.0 = Release|Any CPU
		{CB3ED0AE-A0E3-4844-9BBD-BEE4014E7A9E}.Debug|Any CPU.ActiveCfg = Debug|Any CPU
		{CB3ED0AE-A0E3-4844-9BBD-BEE4014E7A9E}.Debug|Any CPU.Build.0 = Debug|Any CPU
		{CB3ED0AE-A0E3-4844-9BBD-BEE4014E7A9E}.Release|Any CPU.ActiveCfg = Release|Any CPU
		{CB3ED0AE-A0E3-4844-9BBD-BEE4014E7A9E}.Release|Any CPU.Build.0 = Release|Any CPU
		{4A57464F-DB07-4F72-A080-7F9B418E6620}.Debug|Any CPU.ActiveCfg = Debug|Any CPU
		{4A57464F-DB07-4F72-A080-7F9B418E6620}.Debug|Any CPU.Build.0 = Debug|Any CPU
		{4A57464F-DB07-4F72-A080-7F9B418E6620}.Release|Any CPU.ActiveCfg = Release|Any CPU
		{4A57464F-DB07-4F72-A080-7F9B418E6620}.Release|Any CPU.Build.0 = Release|Any CPU
		{473A5697-8A5E-4522-B392-81753AF3BD9C}.Debug|Any CPU.ActiveCfg = Debug|Any CPU
		{473A5697-8A5E-4522-B392-81753AF3BD9C}.Debug|Any CPU.Build.0 = Debug|Any CPU
		{473A5697-8A5E-4522-B392-81753AF3BD9C}.Release|Any CPU.ActiveCfg = Release|Any CPU
		{473A5697-8A5E-4522-B392-81753AF3BD9C}.Release|Any CPU.Build.0 = Release|Any CPU
		{7AC17AEF-728D-4FDD-98FB-6FAC279CF24F}.Debug|Any CPU.ActiveCfg = Debug|Any CPU
		{7AC17AEF-728D-4FDD-98FB-6FAC279CF24F}.Debug|Any CPU.Build.0 = Debug|Any CPU
		{7AC17AEF-728D-4FDD-98FB-6FAC279CF24F}.Release|Any CPU.ActiveCfg = Release|Any CPU
		{7AC17AEF-728D-4FDD-98FB-6FAC279CF24F}.Release|Any CPU.Build.0 = Release|Any CPU
		{2133F3A9-B7C9-4A02-AFDC-CD4ED3E1B9F3}.Debug|Any CPU.ActiveCfg = Debug|Any CPU
		{2133F3A9-B7C9-4A02-AFDC-CD4ED3E1B9F3}.Debug|Any CPU.Build.0 = Debug|Any CPU
		{2133F3A9-B7C9-4A02-AFDC-CD4ED3E1B9F3}.Release|Any CPU.ActiveCfg = Release|Any CPU
		{2133F3A9-B7C9-4A02-AFDC-CD4ED3E1B9F3}.Release|Any CPU.Build.0 = Release|Any CPU
		{F4AA59BD-7CC4-43E0-83C5-E534F2A52192}.Debug|Any CPU.ActiveCfg = Debug|Any CPU
		{F4AA59BD-7CC4-43E0-83C5-E534F2A52192}.Debug|Any CPU.Build.0 = Debug|Any CPU
		{F4AA59BD-7CC4-43E0-83C5-E534F2A52192}.Release|Any CPU.ActiveCfg = Release|Any CPU
		{F4AA59BD-7CC4-43E0-83C5-E534F2A52192}.Release|Any CPU.Build.0 = Release|Any CPU
		{2651518F-31CC-45B3-B2E0-BF4A0456C654}.Debug|Any CPU.ActiveCfg = Debug|Any CPU
		{2651518F-31CC-45B3-B2E0-BF4A0456C654}.Debug|Any CPU.Build.0 = Debug|Any CPU
		{2651518F-31CC-45B3-B2E0-BF4A0456C654}.Release|Any CPU.ActiveCfg = Release|Any CPU
		{2651518F-31CC-45B3-B2E0-BF4A0456C654}.Release|Any CPU.Build.0 = Release|Any CPU
		{3AD57D00-BA31-4181-B5C3-799C2CFE10C3}.Debug|Any CPU.ActiveCfg = Debug|Any CPU
		{3AD57D00-BA31-4181-B5C3-799C2CFE10C3}.Debug|Any CPU.Build.0 = Debug|Any CPU
		{3AD57D00-BA31-4181-B5C3-799C2CFE10C3}.Release|Any CPU.ActiveCfg = Release|Any CPU
		{3AD57D00-BA31-4181-B5C3-799C2CFE10C3}.Release|Any CPU.Build.0 = Release|Any CPU
		{E15EDEFD-73D5-492D-9EF9-E572E344A2AA}.Debug|Any CPU.ActiveCfg = Debug|Any CPU
		{E15EDEFD-73D5-492D-9EF9-E572E344A2AA}.Debug|Any CPU.Build.0 = Debug|Any CPU
		{E15EDEFD-73D5-492D-9EF9-E572E344A2AA}.Release|Any CPU.ActiveCfg = Release|Any CPU
		{E15EDEFD-73D5-492D-9EF9-E572E344A2AA}.Release|Any CPU.Build.0 = Release|Any CPU
		{EA21806D-E860-4208-8216-C63845AC3A6E}.Debug|Any CPU.ActiveCfg = Debug|Any CPU
		{EA21806D-E860-4208-8216-C63845AC3A6E}.Debug|Any CPU.Build.0 = Debug|Any CPU
		{EA21806D-E860-4208-8216-C63845AC3A6E}.Release|Any CPU.ActiveCfg = Release|Any CPU
		{EA21806D-E860-4208-8216-C63845AC3A6E}.Release|Any CPU.Build.0 = Release|Any CPU
		{ADE4D3E6-EF67-4BDE-BBFB-9364645387CC}.Debug|Any CPU.ActiveCfg = Debug|Any CPU
		{ADE4D3E6-EF67-4BDE-BBFB-9364645387CC}.Debug|Any CPU.Build.0 = Debug|Any CPU
		{ADE4D3E6-EF67-4BDE-BBFB-9364645387CC}.Release|Any CPU.ActiveCfg = Release|Any CPU
		{ADE4D3E6-EF67-4BDE-BBFB-9364645387CC}.Release|Any CPU.Build.0 = Release|Any CPU
		{ED8A9E69-BE68-4EED-9381-63501864D626}.Debug|Any CPU.ActiveCfg = Debug|Any CPU
		{ED8A9E69-BE68-4EED-9381-63501864D626}.Debug|Any CPU.Build.0 = Debug|Any CPU
		{ED8A9E69-BE68-4EED-9381-63501864D626}.Release|Any CPU.ActiveCfg = Release|Any CPU
		{ED8A9E69-BE68-4EED-9381-63501864D626}.Release|Any CPU.Build.0 = Release|Any CPU
		{33109A0A-6661-4A76-A099-2762211E0181}.Debug|Any CPU.ActiveCfg = Debug|Any CPU
		{33109A0A-6661-4A76-A099-2762211E0181}.Debug|Any CPU.Build.0 = Debug|Any CPU
		{33109A0A-6661-4A76-A099-2762211E0181}.Release|Any CPU.ActiveCfg = Release|Any CPU
		{33109A0A-6661-4A76-A099-2762211E0181}.Release|Any CPU.Build.0 = Release|Any CPU
		{914D04C9-5FDA-4395-8DD3-BE1A5A7277AB}.Debug|Any CPU.ActiveCfg = Debug|Any CPU
		{914D04C9-5FDA-4395-8DD3-BE1A5A7277AB}.Debug|Any CPU.Build.0 = Debug|Any CPU
		{914D04C9-5FDA-4395-8DD3-BE1A5A7277AB}.Release|Any CPU.ActiveCfg = Release|Any CPU
		{914D04C9-5FDA-4395-8DD3-BE1A5A7277AB}.Release|Any CPU.Build.0 = Release|Any CPU
		{D89A0DD3-0489-4D35-B49D-4BBD9A0A0B42}.Debug|Any CPU.ActiveCfg = Debug|Any CPU
		{D89A0DD3-0489-4D35-B49D-4BBD9A0A0B42}.Debug|Any CPU.Build.0 = Debug|Any CPU
		{D89A0DD3-0489-4D35-B49D-4BBD9A0A0B42}.Release|Any CPU.ActiveCfg = Release|Any CPU
		{D89A0DD3-0489-4D35-B49D-4BBD9A0A0B42}.Release|Any CPU.Build.0 = Release|Any CPU
		{B472C3E3-1B3A-44D6-823D-021DF8B5AE37}.Debug|Any CPU.ActiveCfg = Debug|Any CPU
		{B472C3E3-1B3A-44D6-823D-021DF8B5AE37}.Debug|Any CPU.Build.0 = Debug|Any CPU
		{B472C3E3-1B3A-44D6-823D-021DF8B5AE37}.Release|Any CPU.ActiveCfg = Release|Any CPU
		{B472C3E3-1B3A-44D6-823D-021DF8B5AE37}.Release|Any CPU.Build.0 = Release|Any CPU
		{10F69950-FB58-4865-B69F-DFC9415F4D01}.Debug|Any CPU.ActiveCfg = Debug|Any CPU
		{10F69950-FB58-4865-B69F-DFC9415F4D01}.Debug|Any CPU.Build.0 = Debug|Any CPU
		{10F69950-FB58-4865-B69F-DFC9415F4D01}.Release|Any CPU.ActiveCfg = Release|Any CPU
		{10F69950-FB58-4865-B69F-DFC9415F4D01}.Release|Any CPU.Build.0 = Release|Any CPU
		{492C9B55-4F8F-44D4-BCC6-4DE6170E4B36}.Debug|Any CPU.ActiveCfg = Debug|Any CPU
		{492C9B55-4F8F-44D4-BCC6-4DE6170E4B36}.Debug|Any CPU.Build.0 = Debug|Any CPU
		{492C9B55-4F8F-44D4-BCC6-4DE6170E4B36}.Release|Any CPU.ActiveCfg = Release|Any CPU
		{492C9B55-4F8F-44D4-BCC6-4DE6170E4B36}.Release|Any CPU.Build.0 = Release|Any CPU
		{B0EAB710-367F-4ADE-A2AA-BCA5703D6294}.Debug|Any CPU.ActiveCfg = Debug|Any CPU
		{B0EAB710-367F-4ADE-A2AA-BCA5703D6294}.Debug|Any CPU.Build.0 = Debug|Any CPU
		{B0EAB710-367F-4ADE-A2AA-BCA5703D6294}.Release|Any CPU.ActiveCfg = Release|Any CPU
		{B0EAB710-367F-4ADE-A2AA-BCA5703D6294}.Release|Any CPU.Build.0 = Release|Any CPU
		{1F0497B6-E335-483F-B92C-4DFDC888381F}.Debug|Any CPU.ActiveCfg = Debug|Any CPU
		{1F0497B6-E335-483F-B92C-4DFDC888381F}.Debug|Any CPU.Build.0 = Debug|Any CPU
		{1F0497B6-E335-483F-B92C-4DFDC888381F}.Release|Any CPU.ActiveCfg = Release|Any CPU
		{1F0497B6-E335-483F-B92C-4DFDC888381F}.Release|Any CPU.Build.0 = Release|Any CPU
		{D73800FD-2511-498F-BAF3-16F33F85B983}.Debug|Any CPU.ActiveCfg = Debug|Any CPU
		{D73800FD-2511-498F-BAF3-16F33F85B983}.Debug|Any CPU.Build.0 = Debug|Any CPU
		{D73800FD-2511-498F-BAF3-16F33F85B983}.Release|Any CPU.ActiveCfg = Release|Any CPU
		{D73800FD-2511-498F-BAF3-16F33F85B983}.Release|Any CPU.Build.0 = Release|Any CPU
		{71CA26A0-1623-44C8-BDE6-0BC4FE454F41}.Debug|Any CPU.ActiveCfg = Debug|Any CPU
		{71CA26A0-1623-44C8-BDE6-0BC4FE454F41}.Debug|Any CPU.Build.0 = Debug|Any CPU
		{71CA26A0-1623-44C8-BDE6-0BC4FE454F41}.Release|Any CPU.ActiveCfg = Release|Any CPU
		{71CA26A0-1623-44C8-BDE6-0BC4FE454F41}.Release|Any CPU.Build.0 = Release|Any CPU
		{02DC8248-207A-483E-BF80-4FCC716B406D}.Debug|Any CPU.ActiveCfg = Debug|Any CPU
		{02DC8248-207A-483E-BF80-4FCC716B406D}.Debug|Any CPU.Build.0 = Debug|Any CPU
		{02DC8248-207A-483E-BF80-4FCC716B406D}.Release|Any CPU.ActiveCfg = Release|Any CPU
		{02DC8248-207A-483E-BF80-4FCC716B406D}.Release|Any CPU.Build.0 = Release|Any CPU
		{75508E99-7971-40A4-96BF-85278903B14A}.Debug|Any CPU.ActiveCfg = Debug|Any CPU
		{75508E99-7971-40A4-96BF-85278903B14A}.Debug|Any CPU.Build.0 = Debug|Any CPU
		{75508E99-7971-40A4-96BF-85278903B14A}.Release|Any CPU.ActiveCfg = Release|Any CPU
		{75508E99-7971-40A4-96BF-85278903B14A}.Release|Any CPU.Build.0 = Release|Any CPU
		{EFD99F43-3CFF-48F1-88FD-FD5F5EA8E7A5}.Debug|Any CPU.ActiveCfg = Debug|Any CPU
		{EFD99F43-3CFF-48F1-88FD-FD5F5EA8E7A5}.Debug|Any CPU.Build.0 = Debug|Any CPU
		{EFD99F43-3CFF-48F1-88FD-FD5F5EA8E7A5}.Release|Any CPU.ActiveCfg = Release|Any CPU
		{EFD99F43-3CFF-48F1-88FD-FD5F5EA8E7A5}.Release|Any CPU.Build.0 = Release|Any CPU
		{A3E05811-95C2-4432-8E9A-E976D37A3DAF}.Debug|Any CPU.ActiveCfg = Debug|Any CPU
		{A3E05811-95C2-4432-8E9A-E976D37A3DAF}.Debug|Any CPU.Build.0 = Debug|Any CPU
		{A3E05811-95C2-4432-8E9A-E976D37A3DAF}.Release|Any CPU.ActiveCfg = Release|Any CPU
		{A3E05811-95C2-4432-8E9A-E976D37A3DAF}.Release|Any CPU.Build.0 = Release|Any CPU
		{4E8063F7-651B-4BF5-82C1-BF714951E34A}.Debug|Any CPU.ActiveCfg = Debug|Any CPU
		{4E8063F7-651B-4BF5-82C1-BF714951E34A}.Debug|Any CPU.Build.0 = Debug|Any CPU
		{4E8063F7-651B-4BF5-82C1-BF714951E34A}.Release|Any CPU.ActiveCfg = Release|Any CPU
		{4E8063F7-651B-4BF5-82C1-BF714951E34A}.Release|Any CPU.Build.0 = Release|Any CPU
		{D2B4FF00-AD47-4F94-89E6-D1BF75465AE4}.Debug|Any CPU.ActiveCfg = Debug|Any CPU
		{D2B4FF00-AD47-4F94-89E6-D1BF75465AE4}.Debug|Any CPU.Build.0 = Debug|Any CPU
		{D2B4FF00-AD47-4F94-89E6-D1BF75465AE4}.Release|Any CPU.ActiveCfg = Release|Any CPU
		{D2B4FF00-AD47-4F94-89E6-D1BF75465AE4}.Release|Any CPU.Build.0 = Release|Any CPU
		{3B88DBA3-F498-4FCB-B4E9-7D98ABFA5304}.Debug|Any CPU.ActiveCfg = Debug|Any CPU
		{3B88DBA3-F498-4FCB-B4E9-7D98ABFA5304}.Debug|Any CPU.Build.0 = Debug|Any CPU
		{3B88DBA3-F498-4FCB-B4E9-7D98ABFA5304}.Release|Any CPU.ActiveCfg = Release|Any CPU
		{3B88DBA3-F498-4FCB-B4E9-7D98ABFA5304}.Release|Any CPU.Build.0 = Release|Any CPU
		{97B4AA0A-4511-4A00-8CF2-6508AFA8F962}.Debug|Any CPU.ActiveCfg = Debug|Any CPU
		{97B4AA0A-4511-4A00-8CF2-6508AFA8F962}.Debug|Any CPU.Build.0 = Debug|Any CPU
		{97B4AA0A-4511-4A00-8CF2-6508AFA8F962}.Release|Any CPU.ActiveCfg = Release|Any CPU
		{97B4AA0A-4511-4A00-8CF2-6508AFA8F962}.Release|Any CPU.Build.0 = Release|Any CPU
		{94A2936B-C71B-4C63-8C5A-01719BC2AC07}.Debug|Any CPU.ActiveCfg = Debug|Any CPU
		{94A2936B-C71B-4C63-8C5A-01719BC2AC07}.Debug|Any CPU.Build.0 = Debug|Any CPU
		{94A2936B-C71B-4C63-8C5A-01719BC2AC07}.Release|Any CPU.ActiveCfg = Release|Any CPU
		{94A2936B-C71B-4C63-8C5A-01719BC2AC07}.Release|Any CPU.Build.0 = Release|Any CPU
		{0F170299-16FE-4465-A614-F79D663DC9B1}.Debug|Any CPU.ActiveCfg = Debug|Any CPU
		{0F170299-16FE-4465-A614-F79D663DC9B1}.Debug|Any CPU.Build.0 = Debug|Any CPU
		{0F170299-16FE-4465-A614-F79D663DC9B1}.Release|Any CPU.ActiveCfg = Release|Any CPU
		{0F170299-16FE-4465-A614-F79D663DC9B1}.Release|Any CPU.Build.0 = Release|Any CPU
	EndGlobalSection
	GlobalSection(SolutionProperties) = preSolution
		HideSolutionNode = FALSE
	EndGlobalSection
	GlobalSection(NestedProjects) = preSolution
		{56387EC0-A0E8-4F0F-8709-FA7CA9D1AE68} = {174C71AA-BF3C-4FE1-BC55-0A25CC39E750}
		{7D9297F6-74D8-486D-92B8-58B9A7989D32} = {174C71AA-BF3C-4FE1-BC55-0A25CC39E750}
		{FD2A634A-4078-4C6A-AE6A-B373465C6D9F} = {174C71AA-BF3C-4FE1-BC55-0A25CC39E750}
		{188E0B32-1E0D-4A19-9CAA-193FDD5767FB} = {174C71AA-BF3C-4FE1-BC55-0A25CC39E750}
		{0B49E95C-D5C9-47C2-BD84-5E96CA482E2F} = {9334D963-2DD3-44E5-B24D-2C223E315DFA}
		{CB3ED0AE-A0E3-4844-9BBD-BEE4014E7A9E} = {9334D963-2DD3-44E5-B24D-2C223E315DFA}
		{4A57464F-DB07-4F72-A080-7F9B418E6620} = {9334D963-2DD3-44E5-B24D-2C223E315DFA}
		{473A5697-8A5E-4522-B392-81753AF3BD9C} = {BF6237CD-B514-4895-9119-DB7220E8B3E3}
		{7AC17AEF-728D-4FDD-98FB-6FAC279CF24F} = {BF6237CD-B514-4895-9119-DB7220E8B3E3}
		{2133F3A9-B7C9-4A02-AFDC-CD4ED3E1B9F3} = {BF6237CD-B514-4895-9119-DB7220E8B3E3}
		{F4AA59BD-7CC4-43E0-83C5-E534F2A52192} = {BF6237CD-B514-4895-9119-DB7220E8B3E3}
		{2651518F-31CC-45B3-B2E0-BF4A0456C654} = {677A8893-0291-46F4-8E03-00FF3EFCF939}
		{3AD57D00-BA31-4181-B5C3-799C2CFE10C3} = {677A8893-0291-46F4-8E03-00FF3EFCF939}
		{E15EDEFD-73D5-492D-9EF9-E572E344A2AA} = {677A8893-0291-46F4-8E03-00FF3EFCF939}
		{EA21806D-E860-4208-8216-C63845AC3A6E} = {677A8893-0291-46F4-8E03-00FF3EFCF939}
		{ADE4D3E6-EF67-4BDE-BBFB-9364645387CC} = {E5442BA1-AD6C-484B-9B2B-08C6FA0C4668}
		{ED8A9E69-BE68-4EED-9381-63501864D626} = {E5442BA1-AD6C-484B-9B2B-08C6FA0C4668}
		{33109A0A-6661-4A76-A099-2762211E0181} = {E5442BA1-AD6C-484B-9B2B-08C6FA0C4668}
		{914D04C9-5FDA-4395-8DD3-BE1A5A7277AB} = {E5442BA1-AD6C-484B-9B2B-08C6FA0C4668}
		{D89A0DD3-0489-4D35-B49D-4BBD9A0A0B42} = {6483FF15-7739-4E3D-A36E-C8435F58DABC}
		{B472C3E3-1B3A-44D6-823D-021DF8B5AE37} = {6483FF15-7739-4E3D-A36E-C8435F58DABC}
		{10F69950-FB58-4865-B69F-DFC9415F4D01} = {6483FF15-7739-4E3D-A36E-C8435F58DABC}
		{492C9B55-4F8F-44D4-BCC6-4DE6170E4B36} = {6483FF15-7739-4E3D-A36E-C8435F58DABC}
		{B0EAB710-367F-4ADE-A2AA-BCA5703D6294} = {9334D963-2DD3-44E5-B24D-2C223E315DFA}
		{1F0497B6-E335-483F-B92C-4DFDC888381F} = {656626F0-F9F2-49C7-A7C5-45A83AC6D3E3}
		{D73800FD-2511-498F-BAF3-16F33F85B983} = {656626F0-F9F2-49C7-A7C5-45A83AC6D3E3}
		{71CA26A0-1623-44C8-BDE6-0BC4FE454F41} = {656626F0-F9F2-49C7-A7C5-45A83AC6D3E3}
		{02DC8248-207A-483E-BF80-4FCC716B406D} = {656626F0-F9F2-49C7-A7C5-45A83AC6D3E3}
		{75508E99-7971-40A4-96BF-85278903B14A} = {6E2BB8E4-B2F3-4EDE-9F7E-38098CC446CD}
		{EFD99F43-3CFF-48F1-88FD-FD5F5EA8E7A5} = {6E2BB8E4-B2F3-4EDE-9F7E-38098CC446CD}
		{A3E05811-95C2-4432-8E9A-E976D37A3DAF} = {6E2BB8E4-B2F3-4EDE-9F7E-38098CC446CD}
		{4E8063F7-651B-4BF5-82C1-BF714951E34A} = {6E2BB8E4-B2F3-4EDE-9F7E-38098CC446CD}
		{D2B4FF00-AD47-4F94-89E6-D1BF75465AE4} = {2772AF87-183B-407A-B203-E7C8A888EE14}
		{3B88DBA3-F498-4FCB-B4E9-7D98ABFA5304} = {2772AF87-183B-407A-B203-E7C8A888EE14}
		{97B4AA0A-4511-4A00-8CF2-6508AFA8F962} = {2772AF87-183B-407A-B203-E7C8A888EE14}
		{94A2936B-C71B-4C63-8C5A-01719BC2AC07} = {42109D34-132C-43F2-9FB1-FD35F15A9DD3}
		{0F170299-16FE-4465-A614-F79D663DC9B1} = {42109D34-132C-43F2-9FB1-FD35F15A9DD3}
	EndGlobalSection
	GlobalSection(ExtensibilityGlobals) = postSolution
		SolutionGuid = {4DA6C3F4-D8F3-41EF-9FE2-C59B37B56616}
	EndGlobalSection
EndGlobal
