
Microsoft Visual Studio Solution File, Format Version 12.00
# Visual Studio Version 17
VisualStudioVersion = 17.6.33513.286
MinimumVisualStudioVersion = 10.0.40219.1
Project("{9A19103F-16F7-4668-BE54-9A1E7A4F7556}") = "OpenHRCore.Domain", "OpenHRCore.Domain\OpenHRCore.Domain.csproj", "{D0FF8747-9D89-4F17-B2D7-B0FD92125F5E}"
EndProject
Project("{9A19103F-16F7-4668-BE54-9A1E7A4F7556}") = "OpenHRCore.Application", "OpenHRCore.Application\OpenHRCore.Application.csproj", "{DCAC1413-D020-4C3B-95E3-2303E33EFDB8}"
EndProject
Project("{9A19103F-16F7-4668-BE54-9A1E7A4F7556}") = "OpenHRCore.Infrastructure", "OpenHRCore.Infrastructure\OpenHRCore.Infrastructure.csproj", "{3123DA9D-BCBA-4E8B-B82F-97643D9EF5A0}"
EndProject
Project("{FAE04EC0-301F-11D3-BF4B-00C04F79EFBC}") = "OpenHRCore.WebBlazor", "OpenHRCore.WebBlazor\OpenHRCore.WebBlazor.csproj", "{9A1559AC-D829-49AF-BE19-8CA8D2648A6A}"
EndProject
Global
	GlobalSection(SolutionConfigurationPlatforms) = preSolution
		Debug|Any CPU = Debug|Any CPU
		Release|Any CPU = Release|Any CPU
	EndGlobalSection
	GlobalSection(ProjectConfigurationPlatforms) = postSolution
		{D0FF8747-9D89-4F17-B2D7-B0FD92125F5E}.Debug|Any CPU.ActiveCfg = Debug|Any CPU
		{D0FF8747-9D89-4F17-B2D7-B0FD92125F5E}.Debug|Any CPU.Build.0 = Debug|Any CPU
		{D0FF8747-9D89-4F17-B2D7-B0FD92125F5E}.Release|Any CPU.ActiveCfg = Release|Any CPU
		{D0FF8747-9D89-4F17-B2D7-B0FD92125F5E}.Release|Any CPU.Build.0 = Release|Any CPU
		{DCAC1413-D020-4C3B-95E3-2303E33EFDB8}.Debug|Any CPU.ActiveCfg = Debug|Any CPU
		{DCAC1413-D020-4C3B-95E3-2303E33EFDB8}.Debug|Any CPU.Build.0 = Debug|Any CPU
		{DCAC1413-D020-4C3B-95E3-2303E33EFDB8}.Release|Any CPU.ActiveCfg = Release|Any CPU
		{DCAC1413-D020-4C3B-95E3-2303E33EFDB8}.Release|Any CPU.Build.0 = Release|Any CPU
		{3123DA9D-BCBA-4E8B-B82F-97643D9EF5A0}.Debug|Any CPU.ActiveCfg = Debug|Any CPU
		{3123DA9D-BCBA-4E8B-B82F-97643D9EF5A0}.Debug|Any CPU.Build.0 = Debug|Any CPU
		{3123DA9D-BCBA-4E8B-B82F-97643D9EF5A0}.Release|Any CPU.ActiveCfg = Release|Any CPU
		{3123DA9D-BCBA-4E8B-B82F-97643D9EF5A0}.Release|Any CPU.Build.0 = Release|Any CPU
		{9A1559AC-D829-49AF-BE19-8CA8D2648A6A}.Debug|Any CPU.ActiveCfg = Debug|Any CPU
		{9A1559AC-D829-49AF-BE19-8CA8D2648A6A}.Debug|Any CPU.Build.0 = Debug|Any CPU
		{9A1559AC-D829-49AF-BE19-8CA8D2648A6A}.Release|Any CPU.ActiveCfg = Release|Any CPU
		{9A1559AC-D829-49AF-BE19-8CA8D2648A6A}.Release|Any CPU.Build.0 = Release|Any CPU
	EndGlobalSection
	GlobalSection(SolutionProperties) = preSolution
		HideSolutionNode = FALSE
	EndGlobalSection
	GlobalSection(ExtensibilityGlobals) = postSolution
		SolutionGuid = {315C7B0E-BD02-4679-BEC3-87616E508D06}
	EndGlobalSection
EndGlobal
