
Microsoft Visual Studio Solution File, Format Version 12.00
# Visual Studio Version 17
VisualStudioVersion = 17.0.31717.71
MinimumVisualStudioVersion = 10.0.40219.1
Project("{9A19103F-16F7-4668-BE54-9A1E7A4F7556}") = "OpenHRCore.WebBlazor", "OpenHRCore.WebBlazor.csproj", "{ACD8AB22-2E0F-4D0A-96E2-55CC1CBB58D1}"
EndProject
Global
	GlobalSection(SolutionConfigurationPlatforms) = preSolution
		Debug|Any CPU = Debug|Any CPU
		Release|Any CPU = Release|Any CPU
	EndGlobalSection
	GlobalSection(ProjectConfigurationPlatforms) = postSolution
		{ACD8AB22-2E0F-4D0A-96E2-55CC1CBB58D1}.Debug|Any CPU.ActiveCfg = Debug|Any CPU
		{ACD8AB22-2E0F-4D0A-96E2-55CC1CBB58D1}.Debug|Any CPU.Build.0 = Debug|Any CPU
		{ACD8AB22-2E0F-4D0A-96E2-55CC1CBB58D1}.Release|Any CPU.ActiveCfg = Release|Any CPU
		{ACD8AB22-2E0F-4D0A-96E2-55CC1CBB58D1}.Release|Any CPU.Build.0 = Release|Any CPU
	EndGlobalSection
	GlobalSection(SolutionProperties) = preSolution
		HideSolutionNode = FALSE
	EndGlobalSection
	GlobalSection(ExtensibilityGlobals) = postSolution
		SolutionGuid = {9C04187F-64C0-482A-A86B-2A6444CE7A4C}
	EndGlobalSection
EndGlobal